
Microsoft Visual Studio Solution File, Format Version 12.00
# Visual Studio Version 17
VisualStudioVersion = 17.0.32014.148
MinimumVisualStudioVersion = 10.0.40219.1
Project("{FAE04EC0-301F-11D3-BF4B-00C04F79EFBC}") = "Algorithms", "Algorithms\Algorithms.csproj", "{B0A307D1-698D-4F58-BAFF-9D91736EB533}"
EndProject
Global
	GlobalSection(SolutionConfigurationPlatforms) = preSolution
		Debug|Any CPU = Debug|Any CPU
		Release|Any CPU = Release|Any CPU
	EndGlobalSection
	GlobalSection(ProjectConfigurationPlatforms) = postSolution
		{B0A307D1-698D-4F58-BAFF-9D91736EB533}.Debug|Any CPU.ActiveCfg = Debug|Any CPU
		{B0A307D1-698D-4F58-BAFF-9D91736EB533}.Debug|Any CPU.Build.0 = Debug|Any CPU
		{B0A307D1-698D-4F58-BAFF-9D91736EB533}.Release|Any CPU.ActiveCfg = Release|Any CPU
		{B0A307D1-698D-4F58-BAFF-9D91736EB533}.Release|Any CPU.Build.0 = Release|Any CPU
	EndGlobalSection
	GlobalSection(SolutionProperties) = preSolution
		HideSolutionNode = FALSE
	EndGlobalSection
	GlobalSection(ExtensibilityGlobals) = postSolution
		SolutionGuid = {8A308069-98BF-4371-8653-506F6F7CF966}
	EndGlobalSection
EndGlobal
